hash: a0073ed6000fd227bfb098a9d276898eed85c7e20b52b592f81a07c701bd98ff
updated: 2017-09-04T18:51:51.409411827+08:00
imports:
- name: github.com/gorilla/context
  version: 08b5f424b9271eedf6f9f0ce86cb9396ed337a42
- name: github.com/gorilla/mux
  version: bcd8bc72b08df0f70df986b97f95590779502d31
testImports: []
